// !$*UTF8*$!
{
	archiveVersion = 1;
	classes = {
	};
	objectVersion = 56;
	objects = {

/* Begin PBXBuildFile section */
		D8C3B7262B6EE1F6006ACF4A /* UserRowView.swift in Sources */ = {isa = PBXBuildFile; fileRef = D8C3B7252B6EE1F6006ACF4A /* UserRowView.swift */; };
		D8C3B7282B718A58006ACF4A /* User.swift in Sources */ = {isa = PBXBuildFile; fileRef = D8C3B7272B718A58006ACF4A /* User.swift */; };
		D8C3B72B2B718AA9006ACF4A /* DataStore.swift in Sources */ = {isa = PBXBuildFile; fileRef = D8C3B72A2B718AA9006ACF4A /* DataStore.swift */; };
		D8E15B752B79354800F69DAE /* lastNames.json in Resources */ = {isa = PBXBuildFile; fileRef = D8E15B742B79354800F69DAE /* lastNames.json */; };
		D8E15B782B79362600F69DAE /* firstNames.json in Resources */ = {isa = PBXBuildFile; fileRef = D8E15B772B79362600F69DAE /* firstNames.json */; };
		D8F1772B2B645A3800A740B9 /* SUISandBoxApp.swift in Sources */ = {isa = PBXBuildFile; fileRef = D8F1772A2B645A3800A740B9 /* SUISandBoxApp.swift */; };
		D8F1772D2B645A3800A740B9 /* UsersListView.swift in Sources */ = {isa = PBXBuildFile; fileRef = D8F1772C2B645A3800A740B9 /* UsersListView.swift */; };
		D8F1772F2B645A3D00A740B9 /* Assets.xcassets in Resources */ = {isa = PBXBuildFile; fileRef = D8F1772E2B645A3D00A740B9 /* Assets.xcassets */; };
		D8F177322B645A3D00A740B9 /* Preview Assets.xcassets in Resources */ = {isa = PBXBuildFile; fileRef = D8F177312B645A3D00A740B9 /* Preview Assets.xcassets */; };
		D8F177392B645B2A00A740B9 /* UserInfoView.swift in Sources */ = {isa = PBXBuildFile; fileRef = D8F177382B645B2A00A740B9 /* UserInfoView.swift */; };
/* End PBXBuildFile section */

/* Begin PBXFileReference section */
		D8C3B7252B6EE1F6006ACF4A /* UserRowView.swift */ = {isa = PBXFileReference; lastKnownFileType = sourcecode.swift; path = UserRowView.swift; sourceTree = "<group>"; };
		D8C3B7272B718A58006ACF4A /* User.swift */ = {isa = PBXFileReference; lastKnownFileType = sourcecode.swift; path = User.swift; sourceTree = "<group>"; };
		D8C3B72A2B718AA9006ACF4A /* DataStore.swift */ = {isa = PBXFileReference; lastKnownFileType = sourcecode.swift; path = DataStore.swift; sourceTree = "<group>"; };
		D8E15B742B79354800F69DAE /* lastNames.json */ = {isa = PBXFileReference; lastKnownFileType = text.json; path = lastNames.json; sourceTree = "<group>"; xcLanguageSpecificationIdentifier = xcode.lang.json; };
		D8E15B772B79362600F69DAE /* firstNames.json */ = {isa = PBXFileReference; lastKnownFileType = text.json; path = firstNames.json; sourceTree = "<group>"; xcLanguageSpecificationIdentifier = xcode.lang.json; };
		D8F177272B645A3800A740B9 /* SUISandBox.app */ = {isa = PBXFileReference; explicitFileType = wrapper.application; includeInIndex = 0; path = SUISandBox.app; sourceTree = BUILT_PRODUCTS_DIR; };
		D8F1772A2B645A3800A740B9 /* SUISandBoxApp.swift */ = {isa = PBXFileReference; lastKnownFileType = sourcecode.swift; path = SUISandBoxApp.swift; sourceTree = "<group>"; };
		D8F1772C2B645A3800A740B9 /* UsersListView.swift */ = {isa = PBXFileReference; lastKnownFileType = sourcecode.swift; path = UsersListView.swift; sourceTree = "<group>"; };
		D8F1772E2B645A3D00A740B9 /* Assets.xcassets */ = {isa = PBXFileReference; lastKnownFileType = folder.assetcatalog; path = Assets.xcassets; sourceTree = "<group>"; };
		D8F177312B645A3D00A740B9 /* Preview Assets.xcassets */ = {isa = PBXFileReference; lastKnownFileType = folder.assetcatalog; path = "Preview Assets.xcassets"; sourceTree = "<group>"; };
		D8F177382B645B2A00A740B9 /* UserInfoView.swift */ = {isa = PBXFileReference; lastKnownFileType = sourcecode.swift; path = UserInfoView.swift; sourceTree = "<group>"; };
/* End PBXFileReference section */

/* Begin PBXFrameworksBuildPhase section */
		D8F177242B645A3800A740B9 /* Frameworks */ = {
			isa = PBXFrameworksBuildPhase;
			buildActionMask = 2147483647;
			files = (
			);
			runOnlyForDeploymentPostprocessing = 0;
		};
/* End PBXFrameworksBuildPhase section */

/* Begin PBXGroup section */
		D8C3B7292B718A5E006ACF4A /* Models */ = {
			isa = PBXGroup;
			children = (
				D8C3B7272B718A58006ACF4A /* User.swift */,
				D8C3B72A2B718AA9006ACF4A /* DataStore.swift */,
				D8E15B762B79356B00F69DAE /* Resources */,
			);
			path = Models;
			sourceTree = "<group>";
		};
		D8E15B762B79356B00F69DAE /* Resources */ = {
			isa = PBXGroup;
			children = (
				D8E15B742B79354800F69DAE /* lastNames.json */,
				D8E15B772B79362600F69DAE /* firstNames.json */,
			);
			path = Resources;
			sourceTree = "<group>";
		};
		D8F1771E2B645A3800A740B9 = {
			isa = PBXGroup;
			children = (
				D8F177292B645A3800A740B9 /* SUISandBox */,
				D8F177282B645A3800A740B9 /* Products */,
			);
			sourceTree = "<group>";
		};
		D8F177282B645A3800A740B9 /* Products */ = {
			isa = PBXGroup;
			children = (
				D8F177272B645A3800A740B9 /* SUISandBox.app */,
			);
			name = Products;
			sourceTree = "<group>";
		};
		D8F177292B645A3800A740B9 /* SUISandBox */ = {
			isa = PBXGroup;
			children = (
				D8F1772A2B645A3800A740B9 /* SUISandBoxApp.swift */,
				D8F1772C2B645A3800A740B9 /* UsersListView.swift */,
				D8C3B7252B6EE1F6006ACF4A /* UserRowView.swift */,
				D8F177382B645B2A00A740B9 /* UserInfoView.swift */,
				D8C3B7292B718A5E006ACF4A /* Models */,
				D8F1772E2B645A3D00A740B9 /* Assets.xcassets */,
				D8F177302B645A3D00A740B9 /* Preview Content */,
			);
			path = SUISandBox;
			sourceTree = "<group>";
		};
		D8F177302B645A3D00A740B9 /* Preview Content */ = {
			isa = PBXGroup;
			children = (
				D8F177312B645A3D00A740B9 /* Preview Assets.xcassets */,
			);
			path = "Preview Content";
			sourceTree = "<group>";
		};
/* End PBXGroup section */

/* Begin PBXNativeTarget section */
		D8F177262B645A3800A740B9 /* SUISandBox */ = {
			isa = PBXNativeTarget;
			buildConfigurationList = D8F177352B645A3D00A740B9 /* Build configuration list for PBXNativeTarget "SUISandBox" */;
			buildPhases = (
				D8F177232B645A3800A740B9 /* Sources */,
				D8F177242B645A3800A740B9 /* Frameworks */,
				D8F177252B645A3800A740B9 /* Resources */,
			);
			buildRules = (
			);
			dependencies = (
			);
			name = SUISandBox;
			productName = SUISandBox;
			productReference = D8F177272B645A3800A740B9 /* SUISandBox.app */;
			productType = "com.apple.product-type.application";
		};
/* End PBXNativeTarget section */

/* Begin PBXProject section */
		D8F1771F2B645A3800A740B9 /* Project object */ = {
			isa = PBXProject;
			attributes = {
				BuildIndependentTargetsInParallel = 1;
				LastSwiftUpdateCheck = 1420;
				LastUpgradeCheck = 1420;
				TargetAttributes = {
					D8F177262B645A3800A740B9 = {
						CreatedOnToolsVersion = 14.2;
					};
				};
			};
			buildConfigurationList = D8F177222B645A3800A740B9 /* Build configuration list for PBXProject "SUISandBox" */;
			compatibilityVersion = "Xcode 14.0";
			developmentRegion = en;
			hasScannedForEncodings = 0;
			knownRegions = (
				en,
				Base,
			);
			mainGroup = D8F1771E2B645A3800A740B9;
			packageReferences = (
			);
			productRefGroup = D8F177282B645A3800A740B9 /* Products */;
			projectDirPath = "";
			projectRoot = "";
			targets = (
				D8F177262B645A3800A740B9 /* SUISandBox */,
			);
		};
/* End PBXProject section */

/* Begin PBXResourcesBuildPhase section */
		D8F177252B645A3800A740B9 /* Resources */ = {
			isa = PBXResourcesBuildPhase;
			buildActionMask = 2147483647;
			files = (
				D8E15B752B79354800F69DAE /* lastNames.json in Resources */,
				D8F177322B645A3D00A740B9 /* Preview Assets.xcassets in Resources */,
				D8E15B782B79362600F69DAE /* firstNames.json in Resources */,
				D8F1772F2B645A3D00A740B9 /* Assets.xcassets in Resources */,
			);
			runOnlyForDeploymentPostprocessing = 0;
		};
/* End PBXResourcesBuildPhase section */

/* Begin PBXSourcesBuildPhase section */
		D8F177232B645A3800A740B9 /* Sources */ = {
			isa = PBXSourcesBuildPhase;
			buildActionMask = 2147483647;
			files = (
				D8F177392B645B2A00A740B9 /* UserInfoView.swift in Sources */,
				D8C3B72B2B718AA9006ACF4A /* DataStore.swift in Sources */,
				D8F1772D2B645A3800A740B9 /* UsersListView.swift in Sources */,
				D8C3B7262B6EE1F6006ACF4A /* UserRowView.swift in Sources */,
				D8C3B7282B718A58006ACF4A /* User.swift in Sources */,
				D8F1772B2B645A3800A740B9 /* SUISandBoxApp.swift in Sources */,
			);
			runOnlyForDeploymentPostprocessing = 0;
		};
/* End PBXSourcesBuildPhase section */

/* Begin XCBuildConfiguration section */
		D8F177332B645A3D00A740B9 /* Debug */ = {
			isa = XCBuildConfiguration;
			buildSettings = {
				ALWAYS_SEARCH_USER_PATHS = NO;
				CLANG_ANALYZER_NONNULL = YES;
				CLANG_ANALYZER_NUMBER_OBJECT_CONVERSION = YES_AGGRESSIVE;
				CLANG_CXX_LANGUAGE_STANDARD = "gnu++20";
				CLANG_ENABLE_MODULES = YES;
				CLANG_ENABLE_OBJC_ARC = YES;
				CLANG_ENABLE_OBJC_WEAK = YES;
				CLANG_WARN_BLOCK_CAPTURE_AUTORELEASING = YES;
				CLANG_WARN_BOOL_CONVERSION = YES;
				CLANG_WARN_COMMA = YES;
				CLANG_WARN_CONSTANT_CONVERSION = YES;
				CLANG_WARN_DEPRECATED_OBJC_IMPLEMENTATIONS = YES;
				CLANG_WARN_DIRECT_OBJC_ISA_USAGE = YES_ERROR;
				CLANG_WARN_DOCUMENTATION_COMMENTS = YES;
				CLANG_WARN_EMPTY_BODY = YES;
				CLANG_WARN_ENUM_CONVERSION = YES;
				CLANG_WARN_INFINITE_RECURSION = YES;
				CLANG_WARN_INT_CONVERSION = YES;
				CLANG_WARN_NON_LITERAL_NULL_CONVERSION = YES;
				CLANG_WARN_OBJC_IMPLICIT_RETAIN_SELF = YES;
				CLANG_WARN_OBJC_LITERAL_CONVERSION = YES;
				CLANG_WARN_OBJC_ROOT_CLASS = YES_ERROR;
				CLANG_WARN_QUOTED_INCLUDE_IN_FRAMEWORK_HEADER = YES;
				CLANG_WARN_RANGE_LOOP_ANALYSIS = YES;
				CLANG_WARN_STRICT_PROTOTYPES = YES;
				CLANG_WARN_SUSPICIOUS_MOVE = YES;
				CLANG_WARN_UNGUARDED_AVAILABILITY = YES_AGGRESSIVE;
				CLANG_WARN_UNREACHABLE_CODE = YES;
				CLANG_WARN__DUPLICATE_METHOD_MATCH = YES;
				COPY_PHASE_STRIP = NO;
				DEBUG_INFORMATION_FORMAT = dwarf;
				ENABLE_STRICT_OBJC_MSGSEND = YES;
				ENABLE_TESTABILITY = YES;
				GCC_C_LANGUAGE_STANDARD = gnu11;
				GCC_DYNAMIC_NO_PIC = NO;
				GCC_NO_COMMON_BLOCKS = YES;
				GCC_OPTIMIZATION_LEVEL = 0;
				GCC_PREPROCESSOR_DEFINITIONS = (
					"DEBUG=1",
					"$(inherited)",
				);
				GCC_WARN_64_TO_32_BIT_CONVERSION = YES;
				GCC_WARN_ABOUT_RETURN_TYPE = YES_ERROR;
				GCC_WARN_UNDECLARED_SELECTOR = YES;
				GCC_WARN_UNINITIALIZED_AUTOS = YES_AGGRESSIVE;
				GCC_WARN_UNUSED_FUNCTION = YES;
				GCC_WARN_UNUSED_VARIABLE = YES;
				IPHONEOS_DEPLOYMENT_TARGET = 16.2;
				MTL_ENABLE_DEBUG_INFO = INCLUDE_SOURCE;
				MTL_FAST_MATH = YES;
				ONLY_ACTIVE_ARCH = YES;
				SDKROOT = iphoneos;
				SWIFT_ACTIVE_COMPILATION_CONDITIONS = DEBUG;
				SWIFT_OPTIMIZATION_LEVEL = "-Onone";
			};
			name = Debug;
		};
		D8F177342B645A3D00A740B9 /* Release */ = {
			isa = XCBuildConfiguration;
			buildSettings = {
				ALWAYS_SEARCH_USER_PATHS = NO;
				CLANG_ANALYZER_NONNULL = YES;
				CLANG_ANALYZER_NUMBER_OBJECT_CONVERSION = YES_AGGRESSIVE;
				CLANG_CXX_LANGUAGE_STANDARD = "gnu++20";
				CLANG_ENABLE_MODULES = YES;
				CLANG_ENABLE_OBJC_ARC = YES;
				CLANG_ENABLE_OBJC_WEAK = YES;
				CLANG_WARN_BLOCK_CAPTURE_AUTORELEASING = YES;
				CLANG_WARN_BOOL_CONVERSION = YES;
				CLANG_WARN_COMMA = YES;
				CLANG_WARN_CONSTANT_CONVERSION = YES;
				CLANG_WARN_DEPRECATED_OBJC_IMPLEMENTATIONS = YES;
				CLANG_WARN_DIRECT_OBJC_ISA_USAGE = YES_ERROR;
				CLANG_WARN_DOCUMENTATION_COMMENTS = YES;
				CLANG_WARN_EMPTY_BODY = YES;
				CLANG_WARN_ENUM_CONVERSION = YES;
				CLANG_WARN_INFINITE_RECURSION = YES;
				CLANG_WARN_INT_CONVERSION = YES;
				CLANG_WARN_NON_LITERAL_NULL_CONVERSION = YES;
				CLANG_WARN_OBJC_IMPLICIT_RETAIN_SELF = YES;
				CLANG_WARN_OBJC_LITERAL_CONVERSION = YES;
				CLANG_WARN_OBJC_ROOT_CLASS = YES_ERROR;
				CLANG_WARN_QUOTED_INCLUDE_IN_FRAMEWORK_HEADER = YES;
				CLANG_WARN_RANGE_LOOP_ANALYSIS = YES;
				CLANG_WARN_STRICT_PROTOTYPES = YES;
				CLANG_WARN_SUSPICIOUS_MOVE = YES;
				CLANG_WARN_UNGUARDED_AVAILABILITY = YES_AGGRESSIVE;
				CLANG_WARN_UNREACHABLE_CODE = YES;
				CLANG_WARN__DUPLICATE_METHOD_MATCH = YES;
				COPY_PHASE_STRIP = NO;
				DEBUG_INFORMATION_FORMAT = "dwarf-with-dsym";
				ENABLE_NS_ASSERTIONS = NO;
				ENABLE_STRICT_OBJC_MSGSEND = YES;
				GCC_C_LANGUAGE_STANDARD = gnu11;
				GCC_NO_COMMON_BLOCKS = YES;
				GCC_WARN_64_TO_32_BIT_CONVERSION = YES;
				GCC_WARN_ABOUT_RETURN_TYPE = YES_ERROR;
				GCC_WARN_UNDECLARED_SELECTOR = YES;
				GCC_WARN_UNINITIALIZED_AUTOS = YES_AGGRESSIVE;
				GCC_WARN_UNUSED_FUNCTION = YES;
				GCC_WARN_UNUSED_VARIABLE = YES;
				IPHONEOS_DEPLOYMENT_TARGET = 16.2;
				MTL_ENABLE_DEBUG_INFO = NO;
				MTL_FAST_MATH = YES;
				SDKROOT = iphoneos;
				SWIFT_COMPILATION_MODE = wholemodule;
				SWIFT_OPTIMIZATION_LEVEL = "-O";
				VALIDATE_PRODUCT = YES;
			};
			name = Release;
		};
		D8F177362B645A3D00A740B9 /* Debug */ = {
			isa = XCBuildConfiguration;
			buildSettings = {
				ASSETCATALOG_COMPILER_APPICON_NAME = AppIcon;
				ASSETCATALOG_COMPILER_GLOBAL_ACCENT_COLOR_NAME = AccentColor;
				CODE_SIGN_STYLE = Automatic;
				CURRENT_PROJECT_VERSION = 1;
				DEVELOPMENT_ASSET_PATHS = "\"SUISandBox/Preview Content\"";
				DEVELOPMENT_TEAM = 488U3567BQ;
				ENABLE_PREVIEWS = YES;
				GENERATE_INFOPLIST_FILE = YES;
				INFOPLIST_KEY_UIApplicationSceneManifest_Generation = YES;
				INFOPLIST_KEY_UIApplicationSupportsIndirectInputEvents = YES;
				INFOPLIST_KEY_UILaunchScreen_Generation = YES;
				INFOPLIST_KEY_UISupportedInterfaceOrientations_iPad = "UIInterfaceOrientationPortrait UIInterfaceOrientationPortraitUpsideDown UIInterfaceOrientationLandscapeLeft UIInterfaceOrientationLandscapeRight";
				INFOPLIST_KEY_UISupportedInterfaceOrientations_iPhone = "UIInterfaceOrientationPortrait UIInterfaceOrientationLandscapeLeft UIInterfaceOrientationLandscapeRight";
				IPHONEOS_DEPLOYMENT_TARGET = 14.7;
				LD_RUNPATH_SEARCH_PATHS = (
					"$(inherited)",
					"@executable_path/Frameworks",
				);
				MARKETING_VERSION = 1.0;
				PRODUCT_BUNDLE_IDENTIFIER = ComSys.SUISandBox;
				PRODUCT_NAME = "$(TARGET_NAME)";
				SUPPORTED_PLATFORMS = "iphoneos iphonesimulator";
				SUPPORTS_MACCATALYST = NO;
				SUPPORTS_MAC_DESIGNED_FOR_IPHONE_IPAD = NO;
				SWIFT_EMIT_LOC_STRINGS = YES;
				SWIFT_VERSION = 5.0;
				TARGETED_DEVICE_FAMILY = "1,2";
			};
			name = Debug;
		};
		D8F177372B645A3D00A740B9 /* Release */ = {
			isa = XCBuildConfiguration;
			buildSettings = {
				ASSETCATALOG_COMPILER_APPICON_NAME = AppIcon;
				ASSETCATALOG_COMPILER_GLOBAL_ACCENT_COLOR_NAME = AccentColor;
				CODE_SIGN_STYLE = Automatic;
				CURRENT_PROJECT_VERSION = 1;
				DEVELOPMENT_ASSET_PATHS = "\"SUISandBox/Preview Content\"";
				DEVELOPMENT_TEAM = 488U3567BQ;
				ENABLE_PREVIEWS = YES;
				GENERATE_INFOPLIST_FILE = YES;
				INFOPLIST_KEY_UIApplicationSceneManifest_Generation = YES;
				INFOPLIST_KEY_UIApplicationSupportsIndirectInputEvents = YES;
				INFOPLIST_KEY_UILaunchScreen_Generation = YES;
				INFOPLIST_KEY_UISupportedInterfaceOrientations_iPad = "UIInterfaceOrientationPortrait UIInterfaceOrientationPortraitUpsideDown UIInterfaceOrientationLandscapeLeft UIInterfaceOrientationLandscapeRight";
				INFOPLIST_KEY_UISupportedInterfaceOrientations_iPhone = "UIInterfaceOrientationPortrait UIInterfaceOrientationLandscapeLeft UIInterfaceOrientationLandscapeRight";
				IPHONEOS_DEPLOYMENT_TARGET = 14.7;
				LD_RUNPATH_SEARCH_PATHS = (
					"$(inherited)",
					"@executable_path/Frameworks",
				);
				MARKETING_VERSION = 1.0;
				PRODUCT_BUNDLE_IDENTIFIER = ComSys.SUISandBox;
				PRODUCT_NAME = "$(TARGET_NAME)";
				SUPPORTED_PLATFORMS = "iphoneos iphonesimulator";
				SUPPORTS_MACCATALYST = NO;
				SUPPORTS_MAC_DESIGNED_FOR_IPHONE_IPAD = NO;
				SWIFT_EMIT_LOC_STRINGS = YES;
				SWIFT_VERSION = 5.0;
				TARGETED_DEVICE_FAMILY = "1,2";
			};
			name = Release;
		};
/* End XCBuildConfiguration section */

/* Begin XCConfigurationList section */
		D8F177222B645A3800A740B9 /* Build configuration list for PBXProject "SUISandBox" */ = {
			isa = XCConfigurationList;
			buildConfigurations = (
				D8F177332B645A3D00A740B9 /* Debug */,
				D8F177342B645A3D00A740B9 /* Release */,
			);
			defaultConfigurationIsVisible = 0;
			defaultConfigurationName = Release;
		};
		D8F177352B645A3D00A740B9 /* Build configuration list for PBXNativeTarget "SUISandBox" */ = {
			isa = XCConfigurationList;
			buildConfigurations = (
				D8F177362B645A3D00A740B9 /* Debug */,
				D8F177372B645A3D00A740B9 /* Release */,
			);
			defaultConfigurationIsVisible = 0;
			defaultConfigurationName = Release;
		};
/* End XCConfigurationList section */
	};
	rootObject = D8F1771F2B645A3800A740B9 /* Project object */;
}
